// !$*UTF8*$!
{
	archiveVersion = 1;
	classes = {
	};
	objectVersion = 77;
	objects = {

/* Begin PBXBuildFile section */
		011C2D929B751211E8C83C94 /* cast-tuning.default.json in Resources */ = {isa = PBXBuildFile; fileRef = 79EE3226B0D1A58BE1F5BB1E /* cast-tuning.default.json */; };
		054FB425CB009B89E7EA994D /* CastingRole.swift in Sources */ = {isa = PBXBuildFile; fileRef = B19BA7AAC4DE3CA2E303F3D8 /* CastingRole.swift */; };
		0E66E870CFF7989CA06DBC95 /* WebRTC.xcframework in Frameworks */ = {isa = PBXBuildFile; fileRef = 02A2B6F4BCEB85631459895C /* WebRTC.xcframework */; };
		129411D98AA93CDD9B79B12A /* SessionCoordinatorTests.swift in Sources */ = {isa = PBXBuildFile; fileRef = F50A42CBFCD0DA67018BD97B /* SessionCoordinatorTests.swift */; };
		135F06D1F54856EBB960AA78 /* SelectedPathVerifierTests.swift in Sources */ = {isa = PBXBuildFile; fileRef = 4C4C83CE9059AE8E356F1150 /* SelectedPathVerifierTests.swift */; };
		138FDF2758FB984310A925E9 /* ScreenCaptureSource.swift in Sources */ = {isa = PBXBuildFile; fileRef = 85D7C0C3B84957B26FE565DF /* ScreenCaptureSource.swift */; };
		1696F2439D0C7CA6E5A344D9 /* MediaBaselineChartController.swift in Sources */ = {isa = PBXBuildFile; fileRef = E42B0F7752AD313E5442371A /* MediaBaselineChartController.swift */; };
		194DD30121B6BBFFD1B57984 /* ExecutableMain.swift in Sources */ = {isa = PBXBuildFile; fileRef = 36853BAF59EA8ED30EFEDBD4 /* ExecutableMain.swift */; };
		1B4120803419CEEE08814902 /* SelectedPathVerifier.swift in Sources */ = {isa = PBXBuildFile; fileRef = 7AD474A1C4CA2EA6D3BF4D0F /* SelectedPathVerifier.swift */; };
		1E7E2ADFE9B15BEFC5F1B77D /* SenderView.swift in Sources */ = {isa = PBXBuildFile; fileRef = 3F9306D7A79C0E067C50D7CC /* SenderView.swift */; };
		21471B7E499524B0D5F5D662 /* MetricsVideoRenderer.swift in Sources */ = {isa = PBXBuildFile; fileRef = FF1C466910E72773A05755B2 /* MetricsVideoRenderer.swift */; };
		2616FD82CB19708AF8B3EBB8 /* H264CodecPolicy.swift in Sources */ = {isa = PBXBuildFile; fileRef = 14E2DB702659BD8698C747FD /* H264CodecPolicy.swift */; };
		2827047A4DF845FC85554029 /* H264CodecPolicyTests.swift in Sources */ = {isa = PBXBuildFile; fileRef = 07EA140F12A1706491C81786 /* H264CodecPolicyTests.swift */; };
		315FABBF555069923AF10A2E /* DirtyRegionAnalyzer.swift in Sources */ = {isa = PBXBuildFile; fileRef = B4B3FF96A13EACE5431D0762 /* DirtyRegionAnalyzer.swift */; };
		3523480DF4B157BA377B1006 /* RuntimeConfigurationTests.swift in Sources */ = {isa = PBXBuildFile; fileRef = 532C4F24B656BF92416475F2 /* RuntimeConfigurationTests.swift */; };
		3C6B68406EDF0E4F5606A1DE /* SignalingMessage.swift in Sources */ = {isa = PBXBuildFile; fileRef = 266E89A0AB43A0FAC51A6039 /* SignalingMessage.swift */; };
		430495243FD8AD923FED26BD /* WebRTCScreencastApp.swift in Sources */ = {isa = PBXBuildFile; fileRef = C87E81AE5FF90AD97C1228DE /* WebRTCScreencastApp.swift */; };
		4315D1619FDCEC59B70F9D4C /* SessionMetricsSampler.swift in Sources */ = {isa = PBXBuildFile; fileRef = C277695565D927E08E736776 /* SessionMetricsSampler.swift */; };
		4BE197CB0DA5B8E3E8B22C14 /* IceServerProvider.swift in Sources */ = {isa = PBXBuildFile; fileRef = 32BB8398F3FDFA2183CCF1BE /* IceServerProvider.swift */; };
		4EF2E81F566725C35310EF1D /* DiagnosticExporter.swift in Sources */ = {isa = PBXBuildFile; fileRef = 930A1EDA1C2956D4AD7F5247 /* DiagnosticExporter.swift */; };
		53963FC621174C91A0986947 /* MediaBaselineChart.swift in Sources */ = {isa = PBXBuildFile; fileRef = C10C288C956CA07F83A7F668 /* MediaBaselineChart.swift */; };
		54B1CAF37501179F5527DA9F /* LaunchOptions.swift in Sources */ = {isa = PBXBuildFile; fileRef = BDC99ECEF9ECD306EC735F73 /* LaunchOptions.swift */; };
		5E574A9A1A9A5F3BBD1F609B /* SignalingMessageTests.swift in Sources */ = {isa = PBXBuildFile; fileRef = 8FADC5E37C6B0BC1F1420C2E /* SignalingMessageTests.swift */; };
		608EF5B0253B911B9014C822 /* DiagnosticExporterTests.swift in Sources */ = {isa = PBXBuildFile; fileRef = F8B2466A791ECB86B0ACB594 /* DiagnosticExporterTests.swift */; };
		61F300A4F00A472FF6FA3CAB /* SessionFlow.swift in Sources */ = {isa = PBXBuildFile; fileRef = 458F2177C3CE669B920BA368 /* SessionFlow.swift */; };
		646B537778B3682E8E5337A0 /* MetricsSummaryView.swift in Sources */ = {isa = PBXBuildFile; fileRef = 139870FB220954B222600A0E /* MetricsSummaryView.swift */; };
		6906B8DE90B8F9A35E33C3CF /* MediaBaselineFrameProbeTests.swift in Sources */ = {isa = PBXBuildFile; fileRef = A7088D85EC24C0499DBC0FF3 /* MediaBaselineFrameProbeTests.swift */; };
		6D98D236537742EC8575C6B3 /* IceServerProviderTests.swift in Sources */ = {isa = PBXBuildFile; fileRef = 63BABE25542C9C675FB955BF /* IceServerProviderTests.swift */; };
		6E176C05698CB99845D82F54 /* WebRTCSession.swift in Sources */ = {isa = PBXBuildFile; fileRef = B07C863BDAF9FB90CF9DD17A /* WebRTCSession.swift */; };
		6E5DC2E3A73525E0A1BF5BBD /* FrameGateTests.swift in Sources */ = {isa = PBXBuildFile; fileRef = 3EF7579BC68F70FB6A27FFC2 /* FrameGateTests.swift */; };
		706770A8182518DD3836976C /* DisplaySleepActivity.swift in Sources */ = {isa = PBXBuildFile; fileRef = 67DC7F849FC964147E747D6C /* DisplaySleepActivity.swift */; };
		70FC0295A4878B2E1A525353 /* VideoEncoderTelemetryTests.swift in Sources */ = {isa = PBXBuildFile; fileRef = 3999272476401FF9B89ABC0B /* VideoEncoderTelemetryTests.swift */; };
		711238A2CB132920AB690765 /* ScreenSourceProvider.swift in Sources */ = {isa = PBXBuildFile; fileRef = B9831488EE219A3C836664AC /* ScreenSourceProvider.swift */; };
		737B6DEF71C3C9E1F91591DE /* MediaBaselineMarkerTests.swift in Sources */ = {isa = PBXBuildFile; fileRef = E0798117F53165CAB66439D7 /* MediaBaselineMarkerTests.swift */; };
		73ED5C864024C6CE48036004 /* MediaBaselineMarker.swift in Sources */ = {isa = PBXBuildFile; fileRef = 465478D3E71EFA0B2E9C06F0 /* MediaBaselineMarker.swift */; };
		796B09B06F10CAA61F4201B7 /* MetricsRecorder.swift in Sources */ = {isa = PBXBuildFile; fileRef = F3287FBCFE72AC8842A96775 /* MetricsRecorder.swift */; };
		79F738C145B2485C7D548E9C /* ReceiverView.swift in Sources */ = {isa = PBXBuildFile; fileRef = 44C1DBB5F3C875682DC65D52 /* ReceiverView.swift */; };
		82F170C9E6D83554EE22A17A /* LetterboxGeometry.swift in Sources */ = {isa = PBXBuildFile; fileRef = A21214BA2CCA39FF46C4AA80 /* LetterboxGeometry.swift */; };
		8687C82CBC816D7660EC8B02 /* RTCStatsNormalizer.swift in Sources */ = {isa = PBXBuildFile; fileRef = 82CDC5F5C8005730C438EB78 /* RTCStatsNormalizer.swift */; };
		8A69961EC6F2491278CC7696 /* SessionStateTests.swift in Sources */ = {isa = PBXBuildFile; fileRef = 161FC4D11D79271ADAF10214 /* SessionStateTests.swift */; };
		8CEFC11F258FBBF4CA3E732E /* ICEProfile.swift in Sources */ = {isa = PBXBuildFile; fileRef = ACBF6E0E982F8EA9392BCB42 /* ICEProfile.swift */; };
		90546E386E4DBD2731D5CD0B /* SessionCoordinator.swift in Sources */ = {isa = PBXBuildFile; fileRef = 63A886D33556DBA0A306235F /* SessionCoordinator.swift */; };
		92190206E36F35A22547C27C /* ScreenCaptureConfigurationTests.swift in Sources */ = {isa = PBXBuildFile; fileRef = F8B81A4DB75859D8079F63E4 /* ScreenCaptureConfigurationTests.swift */; };
		929176294C015241721FC0AB /* DisplaySleepActivityTests.swift in Sources */ = {isa = PBXBuildFile; fileRef = 9F786B5D12E627451F7568AB /* DisplaySleepActivityTests.swift */; };
		949C52E45FBDFBCDD0D5ADD8 /* MediaBaselinePixelProbe.swift in Sources */ = {isa = PBXBuildFile; fileRef = A16A190C4054FEA6FCF58B0F /* MediaBaselinePixelProbe.swift */; };
		94AC16B05AC8CB70F8C3B9D3 /* WebRTCSessionConstructionTests.swift in Sources */ = {isa = PBXBuildFile; fileRef = 4B8F413A0035413C363A91C5 /* WebRTCSessionConstructionTests.swift */; };
		97E473CF3B506F11E2F1B501 /* EffectiveConfiguration.swift in Sources */ = {isa = PBXBuildFile; fileRef = 80E94F60847FEB70C2FF79BA /* EffectiveConfiguration.swift */; };
		99597D67D722C961DF6415D7 /* SessionState.swift in Sources */ = {isa = PBXBuildFile; fileRef = 6CFE7949066A009DC7B4F711 /* SessionState.swift */; };
		9C0F6403DCC5559893A123C8 /* ClockCalibrationTests.swift in Sources */ = {isa = PBXBuildFile; fileRef = F6FC21389FA0CB33CA42D6BF /* ClockCalibrationTests.swift */; };
		9D1E7D8A5A656C7C2AD2D26A /* MetricsRecord.swift in Sources */ = {isa = PBXBuildFile; fileRef = 854A60DECBF874A79D09745A /* MetricsRecord.swift */; };
		9E3C1C757A67E2ED0C1A5278 /* VirtualDisplayConfigurationTests.swift in Sources */ = {isa = PBXBuildFile; fileRef = 7E8D33632E06947B54F1858D /* VirtualDisplayConfigurationTests.swift */; };
		A28D13CD57D43A2F2B3B2E8B /* DirtyRegionAnalyzerTests.swift in Sources */ = {isa = PBXBuildFile; fileRef = D04BBB91C4D5D01FBAEADD3C /* DirtyRegionAnalyzerTests.swift */; };
		ACB8C5CDBD3520CCB3F3BD51 /* WebRTC.xcframework in Embed Frameworks */ = {isa = PBXBuildFile; fileRef = 02A2B6F4BCEB85631459895C /* WebRTC.xcframework */; settings = {ATTRIBUTES = (CodeSignOnCopy, RemoveHeadersOnCopy, ); }; };
		AF5AC374F05D4B0FDB8E5C82 /* VirtualExtendedDisplayProvider.swift in Sources */ = {isa = PBXBuildFile; fileRef = 0FECCFD76E68CB1D1D3E0252 /* VirtualExtendedDisplayProvider.swift */; };
		B019C353FD3633115973243E /* MediaBaselineChartTests.swift in Sources */ = {isa = PBXBuildFile; fileRef = 8E78134C82627E3D6642DA3D /* MediaBaselineChartTests.swift */; };
		BCF34B1F0E1E477D25C98413 /* SignalingClientTests.swift in Sources */ = {isa = PBXBuildFile; fileRef = CB92C2559602AD04744F81FD /* SignalingClientTests.swift */; };
		C2511D07E30D7649462D74E8 /* RTCStatsNormalizerTests.swift in Sources */ = {isa = PBXBuildFile; fileRef = B70E895411420760C4D963A3 /* RTCStatsNormalizerTests.swift */; };
		CB34BBC9A8A885662637C46D /* RuntimeConfiguration.swift in Sources */ = {isa = PBXBuildFile; fileRef = CEBDDB8854396B8DF09B2234 /* RuntimeConfiguration.swift */; };
		CF76792D42D9958366DDEEB8 /* MediaBaselineFrameProbe.swift in Sources */ = {isa = PBXBuildFile; fileRef = 52FD6F94FE5ED106815BAEE3 /* MediaBaselineFrameProbe.swift */; };
		D763F9255C5C21D9F107574D /* MetalVideoView.swift in Sources */ = {isa = PBXBuildFile; fileRef = 8EBA7F2C10C58C46877174BD /* MetalVideoView.swift */; };
		DA936E883D991244D50292AF /* FrameGate.swift in Sources */ = {isa = PBXBuildFile; fileRef = 27851B501F6A9DB7486A8928 /* FrameGate.swift */; };
		DBB035B874E168FC9D3B8DF3 /* LaunchOptionsTests.swift in Sources */ = {isa = PBXBuildFile; fileRef = 6198A182F0897D3A14ACF1F4 /* LaunchOptionsTests.swift */; };
		DF37B9B997754488DDF3F2CA /* LetterboxGeometryTests.swift in Sources */ = {isa = PBXBuildFile; fileRef = 9015C9F96988DA957F59E7D5 /* LetterboxGeometryTests.swift */; };
		DF499F47217299CD496CA872 /* ClockCalibration.swift in Sources */ = {isa = PBXBuildFile; fileRef = 4485F3C123B5197B3C4A51E3 /* ClockCalibration.swift */; };
		ECC06D0E502220C7E8D4BB9D /* H264OnlyVideoCodecFactories.swift in Sources */ = {isa = PBXBuildFile; fileRef = 1BFA3E57FBB5E611BCB5B0AE /* H264OnlyVideoCodecFactories.swift */; };
		F0339DB12B38189DF59B45EB /* SignalingClient.swift in Sources */ = {isa = PBXBuildFile; fileRef = 3D4BD6EA97D793C536F35B9A /* SignalingClient.swift */; };
		F11D41C4FE0A7A751511ECA1 /* ScreenCaptureAuthorizationTests.swift in Sources */ = {isa = PBXBuildFile; fileRef = FDFCD2EFA94B57439D3BADA0 /* ScreenCaptureAuthorizationTests.swift */; };
		F120C7BB480D716AB4388BBF /* StartView.swift in Sources */ = {isa = PBXBuildFile; fileRef = CE2136BB27CCE4B0A2368F70 /* StartView.swift */; };
		FBB0212F09E31E6FF31FC91B /* ScreenCaptureAuthorization.swift in Sources */ = {isa = PBXBuildFile; fileRef = A9F6489DE0DFC21C986A7631 /* ScreenCaptureAuthorization.swift */; };
/* End PBXBuildFile section */

/* Begin PBXContainerItemProxy section */
		B15731401B0CD8E2024970CA /* PBXContainerItemProxy */ = {
			isa = PBXContainerItemProxy;
			containerPortal = E4CBE85417D9BCE0068FB597 /* Project object */;
			proxyType = 1;
			remoteGlobalIDString = 121CC673D1B81B73BBBA6440;
			remoteInfo = WebRTCScreencast;
		};
/* End PBXContainerItemProxy section */

/* Begin PBXCopyFilesBuildPhase section */
		A72E9239445BF497FFD438FE /* Embed Frameworks */ = {
			isa = PBXCopyFilesBuildPhase;
			buildActionMask = 2147483647;
			dstPath = "";
			dstSubfolderSpec = 10;
			files = (
				ACB8C5CDBD3520CCB3F3BD51 /* WebRTC.xcframework in Embed Frameworks */,
			);
			name = "Embed Frameworks";
			runOnlyForDeploymentPostprocessing = 0;
		};
/* End PBXCopyFilesBuildPhase section */

/* Begin PBXFileReference section */
		02A2B6F4BCEB85631459895C /* WebRTC.xcframework */ = {isa = PBXFileReference; lastKnownFileType = wrapper.xcframework; name = WebRTC.xcframework; path = ../../Vendor/WebRTC.xcframework; sourceTree = "<group>"; };
		07EA140F12A1706491C81786 /* H264CodecPolicyTests.swift */ = {isa = PBXFileReference; lastKnownFileType = sourcecode.swift; path = H264CodecPolicyTests.swift; sourceTree = "<group>"; };
		0FECCFD76E68CB1D1D3E0252 /* VirtualExtendedDisplayProvider.swift */ = {isa = PBXFileReference; lastKnownFileType = sourcecode.swift; path = VirtualExtendedDisplayProvider.swift; sourceTree = "<group>"; };
		1265C8313B7E15A1F62941F9 /* WebRTCScreencastTests.xctest */ = {isa = PBXFileReference; explicitFileType = wrapper.cfbundle; includeInIndex = 0; path = WebRTCScreencastTests.xctest; sourceTree = BUILT_PRODUCTS_DIR; };
		139870FB220954B222600A0E /* MetricsSummaryView.swift */ = {isa = PBXFileReference; lastKnownFileType = sourcecode.swift; path = MetricsSummaryView.swift; sourceTree = "<group>"; };
		14E2DB702659BD8698C747FD /* H264CodecPolicy.swift */ = {isa = PBXFileReference; lastKnownFileType = sourcecode.swift; path = H264CodecPolicy.swift; sourceTree = "<group>"; };
		161FC4D11D79271ADAF10214 /* SessionStateTests.swift */ = {isa = PBXFileReference; lastKnownFileType = sourcecode.swift; path = SessionStateTests.swift; sourceTree = "<group>"; };
		1BFA3E57FBB5E611BCB5B0AE /* H264OnlyVideoCodecFactories.swift */ = {isa = PBXFileReference; lastKnownFileType = sourcecode.swift; path = H264OnlyVideoCodecFactories.swift; sourceTree = "<group>"; };
		223D653C64FD4CF7E52A8FDE /* CGVirtualDisplayPrivate.h */ = {isa = PBXFileReference; lastKnownFileType = sourcecode.c.h; path = CGVirtualDisplayPrivate.h; sourceTree = "<group>"; };
		266E89A0AB43A0FAC51A6039 /* SignalingMessage.swift */ = {isa = PBXFileReference; lastKnownFileType = sourcecode.swift; path = SignalingMessage.swift; sourceTree = "<group>"; };
		27851B501F6A9DB7486A8928 /* FrameGate.swift */ = {isa = PBXFileReference; lastKnownFileType = sourcecode.swift; path = FrameGate.swift; sourceTree = "<group>"; };
		32BB8398F3FDFA2183CCF1BE /* IceServerProvider.swift */ = {isa = PBXFileReference; lastKnownFileType = sourcecode.swift; path = IceServerProvider.swift; sourceTree = "<group>"; };
		36853BAF59EA8ED30EFEDBD4 /* ExecutableMain.swift */ = {isa = PBXFileReference; lastKnownFileType = sourcecode.swift; path = ExecutableMain.swift; sourceTree = "<group>"; };
		3999272476401FF9B89ABC0B /* VideoEncoderTelemetryTests.swift */ = {isa = PBXFileReference; lastKnownFileType = sourcecode.swift; path = VideoEncoderTelemetryTests.swift; sourceTree = "<group>"; };
		3D4BD6EA97D793C536F35B9A /* SignalingClient.swift */ = {isa = PBXFileReference; lastKnownFileType = sourcecode.swift; path = SignalingClient.swift; sourceTree = "<group>"; };
		3EF7579BC68F70FB6A27FFC2 /* FrameGateTests.swift */ = {isa = PBXFileReference; lastKnownFileType = sourcecode.swift; path = FrameGateTests.swift; sourceTree = "<group>"; };
		3F9306D7A79C0E067C50D7CC /* SenderView.swift */ = {isa = PBXFileReference; lastKnownFileType = sourcecode.swift; path = SenderView.swift; sourceTree = "<group>"; };
		4485F3C123B5197B3C4A51E3 /* ClockCalibration.swift */ = {isa = PBXFileReference; lastKnownFileType = sourcecode.swift; path = ClockCalibration.swift; sourceTree = "<group>"; };
		44C1DBB5F3C875682DC65D52 /* ReceiverView.swift */ = {isa = PBXFileReference; lastKnownFileType = sourcecode.swift; path = ReceiverView.swift; sourceTree = "<group>"; };
		458F2177C3CE669B920BA368 /* SessionFlow.swift */ = {isa = PBXFileReference; lastKnownFileType = sourcecode.swift; path = SessionFlow.swift; sourceTree = "<group>"; };
		465478D3E71EFA0B2E9C06F0 /* MediaBaselineMarker.swift */ = {isa = PBXFileReference; lastKnownFileType = sourcecode.swift; path = MediaBaselineMarker.swift; sourceTree = "<group>"; };
		4B8F413A0035413C363A91C5 /* WebRTCSessionConstructionTests.swift */ = {isa = PBXFileReference; lastKnownFileType = sourcecode.swift; path = WebRTCSessionConstructionTests.swift; sourceTree = "<group>"; };
		4C4C83CE9059AE8E356F1150 /* SelectedPathVerifierTests.swift */ = {isa = PBXFileReference; lastKnownFileType = sourcecode.swift; path = SelectedPathVerifierTests.swift; sourceTree = "<group>"; };
		4D34014B24EBC46E8A3265A5 /* Info.plist */ = {isa = PBXFileReference; lastKnownFileType = text.plist; path = Info.plist; sourceTree = "<group>"; };
		4F182CEAC9FC80DC22C0CE1A /* WebRTCScreencast-Bridging-Header.h */ = {isa = PBXFileReference; lastKnownFileType = sourcecode.c.h; path = "WebRTCScreencast-Bridging-Header.h"; sourceTree = "<group>"; };
		52FD6F94FE5ED106815BAEE3 /* MediaBaselineFrameProbe.swift */ = {isa = PBXFileReference; lastKnownFileType = sourcecode.swift; path = MediaBaselineFrameProbe.swift; sourceTree = "<group>"; };
		532C4F24B656BF92416475F2 /* RuntimeConfigurationTests.swift */ = {isa = PBXFileReference; lastKnownFileType = sourcecode.swift; path = RuntimeConfigurationTests.swift; sourceTree = "<group>"; };
		5678D1D0FF907239BE17F9C6 /* WebRTCScreencast.app */ = {isa = PBXFileReference; explicitFileType = wrapper.application; includeInIndex = 0; path = WebRTCScreencast.app; sourceTree = BUILT_PRODUCTS_DIR; };
		6198A182F0897D3A14ACF1F4 /* LaunchOptionsTests.swift */ = {isa = PBXFileReference; lastKnownFileType = sourcecode.swift; path = LaunchOptionsTests.swift; sourceTree = "<group>"; };
		63A886D33556DBA0A306235F /* SessionCoordinator.swift */ = {isa = PBXFileReference; lastKnownFileType = sourcecode.swift; path = SessionCoordinator.swift; sourceTree = "<group>"; };
		63BABE25542C9C675FB955BF /* IceServerProviderTests.swift */ = {isa = PBXFileReference; lastKnownFileType = sourcecode.swift; path = IceServerProviderTests.swift; sourceTree = "<group>"; };
		67DC7F849FC964147E747D6C /* DisplaySleepActivity.swift */ = {isa = PBXFileReference; lastKnownFileType = sourcecode.swift; path = DisplaySleepActivity.swift; sourceTree = "<group>"; };
		6CFE7949066A009DC7B4F711 /* SessionState.swift */ = {isa = PBXFileReference; lastKnownFileType = sourcecode.swift; path = SessionState.swift; sourceTree = "<group>"; };
		79EE3226B0D1A58BE1F5BB1E /* cast-tuning.default.json */ = {isa = PBXFileReference; lastKnownFileType = text.json; path = "cast-tuning.default.json"; sourceTree = "<group>"; };
		7AD474A1C4CA2EA6D3BF4D0F /* SelectedPathVerifier.swift */ = {isa = PBXFileReference; lastKnownFileType = sourcecode.swift; path = SelectedPathVerifier.swift; sourceTree = "<group>"; };
		7E8D33632E06947B54F1858D /* VirtualDisplayConfigurationTests.swift */ = {isa = PBXFileReference; lastKnownFileType = sourcecode.swift; path = VirtualDisplayConfigurationTests.swift; sourceTree = "<group>"; };
		80E94F60847FEB70C2FF79BA /* EffectiveConfiguration.swift */ = {isa = PBXFileReference; lastKnownFileType = sourcecode.swift; path = EffectiveConfiguration.swift; sourceTree = "<group>"; };
		82CDC5F5C8005730C438EB78 /* RTCStatsNormalizer.swift */ = {isa = PBXFileReference; lastKnownFileType = sourcecode.swift; path = RTCStatsNormalizer.swift; sourceTree = "<group>"; };
		854A60DECBF874A79D09745A /* MetricsRecord.swift */ = {isa = PBXFileReference; lastKnownFileType = sourcecode.swift; path = MetricsRecord.swift; sourceTree = "<group>"; };
		85D7C0C3B84957B26FE565DF /* ScreenCaptureSource.swift */ = {isa = PBXFileReference; lastKnownFileType = sourcecode.swift; path = ScreenCaptureSource.swift; sourceTree = "<group>"; };
		8E78134C82627E3D6642DA3D /* MediaBaselineChartTests.swift */ = {isa = PBXFileReference; lastKnownFileType = sourcecode.swift; path = MediaBaselineChartTests.swift; sourceTree = "<group>"; };
		8EBA7F2C10C58C46877174BD /* MetalVideoView.swift */ = {isa = PBXFileReference; lastKnownFileType = sourcecode.swift; path = MetalVideoView.swift; sourceTree = "<group>"; };
		8FADC5E37C6B0BC1F1420C2E /* SignalingMessageTests.swift */ = {isa = PBXFileReference; lastKnownFileType = sourcecode.swift; path = SignalingMessageTests.swift; sourceTree = "<group>"; };
		9015C9F96988DA957F59E7D5 /* LetterboxGeometryTests.swift */ = {isa = PBXFileReference; lastKnownFileType = sourcecode.swift; path = LetterboxGeometryTests.swift; sourceTree = "<group>"; };
		930A1EDA1C2956D4AD7F5247 /* DiagnosticExporter.swift */ = {isa = PBXFileReference; lastKnownFileType = sourcecode.swift; path = DiagnosticExporter.swift; sourceTree = "<group>"; };
		9F786B5D12E627451F7568AB /* DisplaySleepActivityTests.swift */ = {isa = PBXFileReference; lastKnownFileType = sourcecode.swift; path = DisplaySleepActivityTests.swift; sourceTree = "<group>"; };
		A16A190C4054FEA6FCF58B0F /* MediaBaselinePixelProbe.swift */ = {isa = PBXFileReference; lastKnownFileType = sourcecode.swift; path = MediaBaselinePixelProbe.swift; sourceTree = "<group>"; };
		A21214BA2CCA39FF46C4AA80 /* LetterboxGeometry.swift */ = {isa = PBXFileReference; lastKnownFileType = sourcecode.swift; path = LetterboxGeometry.swift; sourceTree = "<group>"; };
		A7088D85EC24C0499DBC0FF3 /* MediaBaselineFrameProbeTests.swift */ = {isa = PBXFileReference; lastKnownFileType = sourcecode.swift; path = MediaBaselineFrameProbeTests.swift; sourceTree = "<group>"; };
		A9F6489DE0DFC21C986A7631 /* ScreenCaptureAuthorization.swift */ = {isa = PBXFileReference; lastKnownFileType = sourcecode.swift; path = ScreenCaptureAuthorization.swift; sourceTree = "<group>"; };
		ACBF6E0E982F8EA9392BCB42 /* ICEProfile.swift */ = {isa = PBXFileReference; lastKnownFileType = sourcecode.swift; path = ICEProfile.swift; sourceTree = "<group>"; };
		B07C863BDAF9FB90CF9DD17A /* WebRTCSession.swift */ = {isa = PBXFileReference; lastKnownFileType = sourcecode.swift; path = WebRTCSession.swift; sourceTree = "<group>"; };
		B19BA7AAC4DE3CA2E303F3D8 /* CastingRole.swift */ = {isa = PBXFileReference; lastKnownFileType = sourcecode.swift; path = CastingRole.swift; sourceTree = "<group>"; };
		B4B3FF96A13EACE5431D0762 /* DirtyRegionAnalyzer.swift */ = {isa = PBXFileReference; lastKnownFileType = sourcecode.swift; path = DirtyRegionAnalyzer.swift; sourceTree = "<group>"; };
		B70E895411420760C4D963A3 /* RTCStatsNormalizerTests.swift */ = {isa = PBXFileReference; lastKnownFileType = sourcecode.swift; path = RTCStatsNormalizerTests.swift; sourceTree = "<group>"; };
		B9831488EE219A3C836664AC /* ScreenSourceProvider.swift */ = {isa = PBXFileReference; lastKnownFileType = sourcecode.swift; path = ScreenSourceProvider.swift; sourceTree = "<group>"; };
		BDC99ECEF9ECD306EC735F73 /* LaunchOptions.swift */ = {isa = PBXFileReference; lastKnownFileType = sourcecode.swift; path = LaunchOptions.swift; sourceTree = "<group>"; };
		C10C288C956CA07F83A7F668 /* MediaBaselineChart.swift */ = {isa = PBXFileReference; lastKnownFileType = sourcecode.swift; path = MediaBaselineChart.swift; sourceTree = "<group>"; };
		C277695565D927E08E736776 /* SessionMetricsSampler.swift */ = {isa = PBXFileReference; lastKnownFileType = sourcecode.swift; path = SessionMetricsSampler.swift; sourceTree = "<group>"; };
		C87E81AE5FF90AD97C1228DE /* WebRTCScreencastApp.swift */ = {isa = PBXFileReference; lastKnownFileType = sourcecode.swift; path = WebRTCScreencastApp.swift; sourceTree = "<group>"; };
		CB92C2559602AD04744F81FD /* SignalingClientTests.swift */ = {isa = PBXFileReference; lastKnownFileType = sourcecode.swift; path = SignalingClientTests.swift; sourceTree = "<group>"; };
		CE2136BB27CCE4B0A2368F70 /* StartView.swift */ = {isa = PBXFileReference; lastKnownFileType = sourcecode.swift; path = StartView.swift; sourceTree = "<group>"; };
		CEBDDB8854396B8DF09B2234 /* RuntimeConfiguration.swift */ = {isa = PBXFileReference; lastKnownFileType = sourcecode.swift; path = RuntimeConfiguration.swift; sourceTree = "<group>"; };
		D04BBB91C4D5D01FBAEADD3C /* DirtyRegionAnalyzerTests.swift */ = {isa = PBXFileReference; lastKnownFileType = sourcecode.swift; path = DirtyRegionAnalyzerTests.swift; sourceTree = "<group>"; };
		D762CF2A6D8310C84C71C8A3 /* .gitkeep */ = {isa = PBXFileReference; path = .gitkeep; sourceTree = "<group>"; };
		E0798117F53165CAB66439D7 /* MediaBaselineMarkerTests.swift */ = {isa = PBXFileReference; lastKnownFileType = sourcecode.swift; path = MediaBaselineMarkerTests.swift; sourceTree = "<group>"; };
		E42B0F7752AD313E5442371A /* MediaBaselineChartController.swift */ = {isa = PBXFileReference; lastKnownFileType = sourcecode.swift; path = MediaBaselineChartController.swift; sourceTree = "<group>"; };
		F3287FBCFE72AC8842A96775 /* MetricsRecorder.swift */ = {isa = PBXFileReference; lastKnownFileType = sourcecode.swift; path = MetricsRecorder.swift; sourceTree = "<group>"; };
		F50A42CBFCD0DA67018BD97B /* SessionCoordinatorTests.swift */ = {isa = PBXFileReference; lastKnownFileType = sourcecode.swift; path = SessionCoordinatorTests.swift; sourceTree = "<group>"; };
		F6FC21389FA0CB33CA42D6BF /* ClockCalibrationTests.swift */ = {isa = PBXFileReference; lastKnownFileType = sourcecode.swift; path = ClockCalibrationTests.swift; sourceTree = "<group>"; };
		F8B2466A791ECB86B0ACB594 /* DiagnosticExporterTests.swift */ = {isa = PBXFileReference; lastKnownFileType = sourcecode.swift; path = DiagnosticExporterTests.swift; sourceTree = "<group>"; };
		F8B81A4DB75859D8079F63E4 /* ScreenCaptureConfigurationTests.swift */ = {isa = PBXFileReference; lastKnownFileType = sourcecode.swift; path = ScreenCaptureConfigurationTests.swift; sourceTree = "<group>"; };
		FDFCD2EFA94B57439D3BADA0 /* ScreenCaptureAuthorizationTests.swift */ = {isa = PBXFileReference; lastKnownFileType = sourcecode.swift; path = ScreenCaptureAuthorizationTests.swift; sourceTree = "<group>"; };
		FF1C466910E72773A05755B2 /* MetricsVideoRenderer.swift */ = {isa = PBXFileReference; lastKnownFileType = sourcecode.swift; path = MetricsVideoRenderer.swift; sourceTree = "<group>"; };
/* End PBXFileReference section */

/* Begin PBXFrameworksBuildPhase section */
		7E1E9399F03B01D5BC561434 /* Frameworks */ = {
			isa = PBXFrameworksBuildPhase;
			buildActionMask = 2147483647;
			files = (
				0E66E870CFF7989CA06DBC95 /* WebRTC.xcframework in Frameworks */,
			);
			runOnlyForDeploymentPostprocessing = 0;
		};
/* End PBXFrameworksBuildPhase section */

/* Begin PBXGroup section */
		09AE7CBDF7FC50622A252BF3 /* WebRTCScreencastTests */ = {
			isa = PBXGroup;
			children = (
				D762CF2A6D8310C84C71C8A3 /* .gitkeep */,
				F6FC21389FA0CB33CA42D6BF /* ClockCalibrationTests.swift */,
				F8B2466A791ECB86B0ACB594 /* DiagnosticExporterTests.swift */,
				D04BBB91C4D5D01FBAEADD3C /* DirtyRegionAnalyzerTests.swift */,
				9F786B5D12E627451F7568AB /* DisplaySleepActivityTests.swift */,
				3EF7579BC68F70FB6A27FFC2 /* FrameGateTests.swift */,
				07EA140F12A1706491C81786 /* H264CodecPolicyTests.swift */,
				63BABE25542C9C675FB955BF /* IceServerProviderTests.swift */,
				6198A182F0897D3A14ACF1F4 /* LaunchOptionsTests.swift */,
				9015C9F96988DA957F59E7D5 /* LetterboxGeometryTests.swift */,
				8E78134C82627E3D6642DA3D /* MediaBaselineChartTests.swift */,
				A7088D85EC24C0499DBC0FF3 /* MediaBaselineFrameProbeTests.swift */,
				E0798117F53165CAB66439D7 /* MediaBaselineMarkerTests.swift */,
				B70E895411420760C4D963A3 /* RTCStatsNormalizerTests.swift */,
				532C4F24B656BF92416475F2 /* RuntimeConfigurationTests.swift */,
				FDFCD2EFA94B57439D3BADA0 /* ScreenCaptureAuthorizationTests.swift */,
				F8B81A4DB75859D8079F63E4 /* ScreenCaptureConfigurationTests.swift */,
				4C4C83CE9059AE8E356F1150 /* SelectedPathVerifierTests.swift */,
				F50A42CBFCD0DA67018BD97B /* SessionCoordinatorTests.swift */,
				161FC4D11D79271ADAF10214 /* SessionStateTests.swift */,
				CB92C2559602AD04744F81FD /* SignalingClientTests.swift */,
				8FADC5E37C6B0BC1F1420C2E /* SignalingMessageTests.swift */,
				3999272476401FF9B89ABC0B /* VideoEncoderTelemetryTests.swift */,
				7E8D33632E06947B54F1858D /* VirtualDisplayConfigurationTests.swift */,
				4B8F413A0035413C363A91C5 /* WebRTCSessionConstructionTests.swift */,
			);
			path = WebRTCScreencastTests;
			sourceTree = "<group>";
		};
		11FF85532BE7220F2E54EDB5 /* Configuration */ = {
			isa = PBXGroup;
			children = (
				80E94F60847FEB70C2FF79BA /* EffectiveConfiguration.swift */,
				CEBDDB8854396B8DF09B2234 /* RuntimeConfiguration.swift */,
			);
			path = Configuration;
			sourceTree = "<group>";
		};
		39BE1673DCE93D045A90209A /* webrtc-screencast-playground */ = {
			isa = PBXGroup;
			children = (
				4A5C2F50F9AA6541EE7AA7B0 /* config */,
			);
			name = "webrtc-screencast-playground";
			path = ../..;
			sourceTree = "<group>";
		};
		3BA09C1E092127BDB80D4630 /* UI */ = {
			isa = PBXGroup;
			children = (
				139870FB220954B222600A0E /* MetricsSummaryView.swift */,
				44C1DBB5F3C875682DC65D52 /* ReceiverView.swift */,
				3F9306D7A79C0E067C50D7CC /* SenderView.swift */,
				CE2136BB27CCE4B0A2368F70 /* StartView.swift */,
			);
			path = UI;
			sourceTree = "<group>";
		};
		4A5C2F50F9AA6541EE7AA7B0 /* config */ = {
			isa = PBXGroup;
			children = (
				79EE3226B0D1A58BE1F5BB1E /* cast-tuning.default.json */,
			);
			path = config;
			sourceTree = "<group>";
		};
		4C055D5979E2E5D1BBA804CE /* App */ = {
			isa = PBXGroup;
			children = (
				36853BAF59EA8ED30EFEDBD4 /* ExecutableMain.swift */,
				BDC99ECEF9ECD306EC735F73 /* LaunchOptions.swift */,
				63A886D33556DBA0A306235F /* SessionCoordinator.swift */,
				458F2177C3CE669B920BA368 /* SessionFlow.swift */,
				C87E81AE5FF90AD97C1228DE /* WebRTCScreencastApp.swift */,
			);
			path = App;
			sourceTree = "<group>";
		};
		51FA113C915ABAF336876500 /* MediaBaseline */ = {
			isa = PBXGroup;
			children = (
				C10C288C956CA07F83A7F668 /* MediaBaselineChart.swift */,
				E42B0F7752AD313E5442371A /* MediaBaselineChartController.swift */,
				52FD6F94FE5ED106815BAEE3 /* MediaBaselineFrameProbe.swift */,
				465478D3E71EFA0B2E9C06F0 /* MediaBaselineMarker.swift */,
				A16A190C4054FEA6FCF58B0F /* MediaBaselinePixelProbe.swift */,
			);
			path = MediaBaseline;
			sourceTree = "<group>";
		};
		54F89F84BD62873C777C8A8E /* WebRTCScreencast */ = {
			isa = PBXGroup;
			children = (
				4C055D5979E2E5D1BBA804CE /* App */,
				AF38A787118880CF3CE668C4 /* Bridging */,
				58EFC83DA50B3363D404062E /* Capture */,
				11FF85532BE7220F2E54EDB5 /* Configuration */,
				9A9D6CCA6F622D56598A4188 /* Domain */,
				51FA113C915ABAF336876500 /* MediaBaseline */,
				6ED33727DE3FD55DC3C1EFAB /* Observability */,
				92B8696A7944EECB015F6C7E /* Resources */,
				A4D9455C725A3E58F7E6724B /* Signaling */,
				3BA09C1E092127BDB80D4630 /* UI */,
				D2477183625D7EF1E91ABD39 /* WebRTC */,
			);
			path = WebRTCScreencast;
			sourceTree = "<group>";
		};
		58EFC83DA50B3363D404062E /* Capture */ = {
			isa = PBXGroup;
			children = (
				B4B3FF96A13EACE5431D0762 /* DirtyRegionAnalyzer.swift */,
				67DC7F849FC964147E747D6C /* DisplaySleepActivity.swift */,
				27851B501F6A9DB7486A8928 /* FrameGate.swift */,
				A21214BA2CCA39FF46C4AA80 /* LetterboxGeometry.swift */,
				A9F6489DE0DFC21C986A7631 /* ScreenCaptureAuthorization.swift */,
				85D7C0C3B84957B26FE565DF /* ScreenCaptureSource.swift */,
				B9831488EE219A3C836664AC /* ScreenSourceProvider.swift */,
				0FECCFD76E68CB1D1D3E0252 /* VirtualExtendedDisplayProvider.swift */,
			);
			path = Capture;
			sourceTree = "<group>";
		};
		6ED33727DE3FD55DC3C1EFAB /* Observability */ = {
			isa = PBXGroup;
			children = (
				4485F3C123B5197B3C4A51E3 /* ClockCalibration.swift */,
				930A1EDA1C2956D4AD7F5247 /* DiagnosticExporter.swift */,
				854A60DECBF874A79D09745A /* MetricsRecord.swift */,
				F3287FBCFE72AC8842A96775 /* MetricsRecorder.swift */,
				82CDC5F5C8005730C438EB78 /* RTCStatsNormalizer.swift */,
				C277695565D927E08E736776 /* SessionMetricsSampler.swift */,
			);
			path = Observability;
			sourceTree = "<group>";
		};
		92B8696A7944EECB015F6C7E /* Resources */ = {
			isa = PBXGroup;
			children = (
				4D34014B24EBC46E8A3265A5 /* Info.plist */,
			);
			path = Resources;
			sourceTree = "<group>";
		};
		9A9D6CCA6F622D56598A4188 /* Domain */ = {
			isa = PBXGroup;
			children = (
				B19BA7AAC4DE3CA2E303F3D8 /* CastingRole.swift */,
				ACBF6E0E982F8EA9392BCB42 /* ICEProfile.swift */,
				6CFE7949066A009DC7B4F711 /* SessionState.swift */,
			);
			path = Domain;
			sourceTree = "<group>";
		};
		A4D9455C725A3E58F7E6724B /* Signaling */ = {
			isa = PBXGroup;
			children = (
				3D4BD6EA97D793C536F35B9A /* SignalingClient.swift */,
				266E89A0AB43A0FAC51A6039 /* SignalingMessage.swift */,
			);
			path = Signaling;
			sourceTree = "<group>";
		};
		AF38A787118880CF3CE668C4 /* Bridging */ = {
			isa = PBXGroup;
			children = (
				223D653C64FD4CF7E52A8FDE /* CGVirtualDisplayPrivate.h */,
				4F182CEAC9FC80DC22C0CE1A /* WebRTCScreencast-Bridging-Header.h */,
			);
			path = Bridging;
			sourceTree = "<group>";
		};
		D2477183625D7EF1E91ABD39 /* WebRTC */ = {
			isa = PBXGroup;
			children = (
				14E2DB702659BD8698C747FD /* H264CodecPolicy.swift */,
				1BFA3E57FBB5E611BCB5B0AE /* H264OnlyVideoCodecFactories.swift */,
				32BB8398F3FDFA2183CCF1BE /* IceServerProvider.swift */,
				8EBA7F2C10C58C46877174BD /* MetalVideoView.swift */,
				FF1C466910E72773A05755B2 /* MetricsVideoRenderer.swift */,
				7AD474A1C4CA2EA6D3BF4D0F /* SelectedPathVerifier.swift */,
				B07C863BDAF9FB90CF9DD17A /* WebRTCSession.swift */,
			);
			path = WebRTC;
			sourceTree = "<group>";
		};
		D905A79B8EA42BF15E199FC8 = {
			isa = PBXGroup;
			children = (
				39BE1673DCE93D045A90209A /* webrtc-screencast-playground */,
				54F89F84BD62873C777C8A8E /* WebRTCScreencast */,
				09AE7CBDF7FC50622A252BF3 /* WebRTCScreencastTests */,
				F7C55FDCB095E7AD821CEB83 /* Frameworks */,
				EDA0ABDC00244910BF8C6A1E /* Products */,
			);
			sourceTree = "<group>";
		};
		EDA0ABDC00244910BF8C6A1E /* Products */ = {
			isa = PBXGroup;
			children = (
				5678D1D0FF907239BE17F9C6 /* WebRTCScreencast.app */,
				1265C8313B7E15A1F62941F9 /* WebRTCScreencastTests.xctest */,
			);
			name = Products;
			sourceTree = "<group>";
		};
		F7C55FDCB095E7AD821CEB83 /* Frameworks */ = {
			isa = PBXGroup;
			children = (
				02A2B6F4BCEB85631459895C /* WebRTC.xcframework */,
			);
			name = Frameworks;
			sourceTree = "<group>";
		};
/* End PBXGroup section */

/* Begin PBXNativeTarget section */
		121CC673D1B81B73BBBA6440 /* WebRTCScreencast */ = {
			isa = PBXNativeTarget;
			buildConfigurationList = BAD23F11E99972BFAECBFA93 /* Build configuration list for PBXNativeTarget "WebRTCScreencast" */;
			buildPhases = (
				1FAFA678057F0B41E63617E9 /* Sources */,
				4FA3B7747788FDC9F3A7FC75 /* Resources */,
				7E1E9399F03B01D5BC561434 /* Frameworks */,
				A72E9239445BF497FFD438FE /* Embed Frameworks */,
			);
			buildRules = (
			);
			dependencies = (
			);
			name = WebRTCScreencast;
			packageProductDependencies = (
			);
			productName = WebRTCScreencast;
			productReference = 5678D1D0FF907239BE17F9C6 /* WebRTCScreencast.app */;
			productType = "com.apple.product-type.application";
		};
		6441FFFF5F27A0E1EEB412E8 /* WebRTCScreencastTests */ = {
			isa = PBXNativeTarget;
			buildConfigurationList = 96B6C870403F38EEFD5B2292 /* Build configuration list for PBXNativeTarget "WebRTCScreencastTests" */;
			buildPhases = (
				B69E54D2682763AF1C1DA0F9 /* Sources */,
			);
			buildRules = (
			);
			dependencies = (
				80580D72D852AE549E7E8541 /* PBXTargetDependency */,
			);
			name = WebRTCScreencastTests;
			packageProductDependencies = (
			);
			productName = WebRTCScreencastTests;
			productReference = 1265C8313B7E15A1F62941F9 /* WebRTCScreencastTests.xctest */;
			productType = "com.apple.product-type.bundle.unit-test";
		};
/* End PBXNativeTarget section */

/* Begin PBXProject section */
		E4CBE85417D9BCE0068FB597 /* Project object */ = {
			isa = PBXProject;
			attributes = {
				BuildIndependentTargetsInParallel = YES;
				LastUpgradeCheck = 1430;
				TargetAttributes = {
					121CC673D1B81B73BBBA6440 = {
						ProvisioningStyle = Automatic;
					};
				};
			};
			buildConfigurationList = DA535AC622D0F81EE40D6918 /* Build configuration list for PBXProject "WebRTCScreencast" */;
			developmentRegion = en;
			hasScannedForEncodings = 0;
			knownRegions = (
				Base,
				en,
			);
			mainGroup = D905A79B8EA42BF15E199FC8;
			minimizedProjectReferenceProxies = 1;
			preferredProjectObjectVersion = 77;
			productRefGroup = EDA0ABDC00244910BF8C6A1E /* Products */;
			projectDirPath = "";
			projectRoot = "";
			targets = (
				121CC673D1B81B73BBBA6440 /* WebRTCScreencast */,
				6441FFFF5F27A0E1EEB412E8 /* WebRTCScreencastTests */,
			);
		};
/* End PBXProject section */

/* Begin PBXResourcesBuildPhase section */
		4FA3B7747788FDC9F3A7FC75 /* Resources */ = {
			isa = PBXResourcesBuildPhase;
			buildActionMask = 2147483647;
			files = (
				011C2D929B751211E8C83C94 /* cast-tuning.default.json in Resources */,
			);
			runOnlyForDeploymentPostprocessing = 0;
		};
/* End PBXResourcesBuildPhase section */

/* Begin PBXSourcesBuildPhase section */
		1FAFA678057F0B41E63617E9 /* Sources */ = {
			isa = PBXSourcesBuildPhase;
			buildActionMask = 2147483647;
			files = (
				054FB425CB009B89E7EA994D /* CastingRole.swift in Sources */,
				DF499F47217299CD496CA872 /* ClockCalibration.swift in Sources */,
				4EF2E81F566725C35310EF1D /* DiagnosticExporter.swift in Sources */,
				315FABBF555069923AF10A2E /* DirtyRegionAnalyzer.swift in Sources */,
				706770A8182518DD3836976C /* DisplaySleepActivity.swift in Sources */,
				97E473CF3B506F11E2F1B501 /* EffectiveConfiguration.swift in Sources */,
				194DD30121B6BBFFD1B57984 /* ExecutableMain.swift in Sources */,
				DA936E883D991244D50292AF /* FrameGate.swift in Sources */,
				2616FD82CB19708AF8B3EBB8 /* H264CodecPolicy.swift in Sources */,
				ECC06D0E502220C7E8D4BB9D /* H264OnlyVideoCodecFactories.swift in Sources */,
				8CEFC11F258FBBF4CA3E732E /* ICEProfile.swift in Sources */,
				4BE197CB0DA5B8E3E8B22C14 /* IceServerProvider.swift in Sources */,
				54B1CAF37501179F5527DA9F /* LaunchOptions.swift in Sources */,
				82F170C9E6D83554EE22A17A /* LetterboxGeometry.swift in Sources */,
				53963FC621174C91A0986947 /* MediaBaselineChart.swift in Sources */,
				1696F2439D0C7CA6E5A344D9 /* MediaBaselineChartController.swift in Sources */,
				CF76792D42D9958366DDEEB8 /* MediaBaselineFrameProbe.swift in Sources */,
				73ED5C864024C6CE48036004 /* MediaBaselineMarker.swift in Sources */,
				949C52E45FBDFBCDD0D5ADD8 /* MediaBaselinePixelProbe.swift in Sources */,
				D763F9255C5C21D9F107574D /* MetalVideoView.swift in Sources */,
				9D1E7D8A5A656C7C2AD2D26A /* MetricsRecord.swift in Sources */,
				796B09B06F10CAA61F4201B7 /* MetricsRecorder.swift in Sources */,
				646B537778B3682E8E5337A0 /* MetricsSummaryView.swift in Sources */,
				21471B7E499524B0D5F5D662 /* MetricsVideoRenderer.swift in Sources */,
				8687C82CBC816D7660EC8B02 /* RTCStatsNormalizer.swift in Sources */,
				79F738C145B2485C7D548E9C /* ReceiverView.swift in Sources */,
				CB34BBC9A8A885662637C46D /* RuntimeConfiguration.swift in Sources */,
				FBB0212F09E31E6FF31FC91B /* ScreenCaptureAuthorization.swift in Sources */,
				138FDF2758FB984310A925E9 /* ScreenCaptureSource.swift in Sources */,
				711238A2CB132920AB690765 /* ScreenSourceProvider.swift in Sources */,
				1B4120803419CEEE08814902 /* SelectedPathVerifier.swift in Sources */,
				1E7E2ADFE9B15BEFC5F1B77D /* SenderView.swift in Sources */,
				90546E386E4DBD2731D5CD0B /* SessionCoordinator.swift in Sources */,
				61F300A4F00A472FF6FA3CAB /* SessionFlow.swift in Sources */,
				4315D1619FDCEC59B70F9D4C /* SessionMetricsSampler.swift in Sources */,
				99597D67D722C961DF6415D7 /* SessionState.swift in Sources */,
				F0339DB12B38189DF59B45EB /* SignalingClient.swift in Sources */,
				3C6B68406EDF0E4F5606A1DE /* SignalingMessage.swift in Sources */,
				F120C7BB480D716AB4388BBF /* StartView.swift in Sources */,
				AF5AC374F05D4B0FDB8E5C82 /* VirtualExtendedDisplayProvider.swift in Sources */,
				430495243FD8AD923FED26BD /* WebRTCScreencastApp.swift in Sources */,
				6E176C05698CB99845D82F54 /* WebRTCSession.swift in Sources */,
			);
			runOnlyForDeploymentPostprocessing = 0;
		};
		B69E54D2682763AF1C1DA0F9 /* Sources */ = {
			isa = PBXSourcesBuildPhase;
			buildActionMask = 2147483647;
			files = (
				9C0F6403DCC5559893A123C8 /* ClockCalibrationTests.swift in Sources */,
				608EF5B0253B911B9014C822 /* DiagnosticExporterTests.swift in Sources */,
				A28D13CD57D43A2F2B3B2E8B /* DirtyRegionAnalyzerTests.swift in Sources */,
				929176294C015241721FC0AB /* DisplaySleepActivityTests.swift in Sources */,
				6E5DC2E3A73525E0A1BF5BBD /* FrameGateTests.swift in Sources */,
				2827047A4DF845FC85554029 /* H264CodecPolicyTests.swift in Sources */,
				6D98D236537742EC8575C6B3 /* IceServerProviderTests.swift in Sources */,
				DBB035B874E168FC9D3B8DF3 /* LaunchOptionsTests.swift in Sources */,
				DF37B9B997754488DDF3F2CA /* LetterboxGeometryTests.swift in Sources */,
				B019C353FD3633115973243E /* MediaBaselineChartTests.swift in Sources */,
				6906B8DE90B8F9A35E33C3CF /* MediaBaselineFrameProbeTests.swift in Sources */,
				737B6DEF71C3C9E1F91591DE /* MediaBaselineMarkerTests.swift in Sources */,
				C2511D07E30D7649462D74E8 /* RTCStatsNormalizerTests.swift in Sources */,
				3523480DF4B157BA377B1006 /* RuntimeConfigurationTests.swift in Sources */,
				F11D41C4FE0A7A751511ECA1 /* ScreenCaptureAuthorizationTests.swift in Sources */,
				92190206E36F35A22547C27C /* ScreenCaptureConfigurationTests.swift in Sources */,
				135F06D1F54856EBB960AA78 /* SelectedPathVerifierTests.swift in Sources */,
				129411D98AA93CDD9B79B12A /* SessionCoordinatorTests.swift in Sources */,
				8A69961EC6F2491278CC7696 /* SessionStateTests.swift in Sources */,
				BCF34B1F0E1E477D25C98413 /* SignalingClientTests.swift in Sources */,
				5E574A9A1A9A5F3BBD1F609B /* SignalingMessageTests.swift in Sources */,
				70FC0295A4878B2E1A525353 /* VideoEncoderTelemetryTests.swift in Sources */,
				9E3C1C757A67E2ED0C1A5278 /* VirtualDisplayConfigurationTests.swift in Sources */,
				94AC16B05AC8CB70F8C3B9D3 /* WebRTCSessionConstructionTests.swift in Sources */,
			);
			runOnlyForDeploymentPostprocessing = 0;
		};
/* End PBXSourcesBuildPhase section */

/* Begin PBXTargetDependency section */
		80580D72D852AE549E7E8541 /* PBXTargetDependency */ = {
			isa = PBXTargetDependency;
			target = 121CC673D1B81B73BBBA6440 /* WebRTCScreencast */;
			targetProxy = B15731401B0CD8E2024970CA /* PBXContainerItemProxy */;
		};
/* End PBXTargetDependency section */

/* Begin XCBuildConfiguration section */
		52CB86D036DE7BE4857C0714 /* Release */ = {
			isa = XCBuildConfiguration;
			buildSettings = {
				ALWAYS_SEARCH_USER_PATHS = NO;
				CLANG_ANALYZER_NONNULL = YES;
				CLANG_ANALYZER_NUMBER_OBJECT_CONVERSION = YES_AGGRESSIVE;
				CLANG_CXX_LANGUAGE_STANDARD = "gnu++14";
				CLANG_CXX_LIBRARY = "libc++";
				CLANG_ENABLE_MODULES = YES;
				CLANG_ENABLE_OBJC_ARC = YES;
				CLANG_ENABLE_OBJC_WEAK = YES;
				CLANG_WARN_BLOCK_CAPTURE_AUTORELEASING = YES;
				CLANG_WARN_BOOL_CONVERSION = YES;
				CLANG_WARN_COMMA = YES;
				CLANG_WARN_CONSTANT_CONVERSION = YES;
				CLANG_WARN_DEPRECATED_OBJC_IMPLEMENTATIONS = YES;
				CLANG_WARN_DIRECT_OBJC_ISA_USAGE = YES_ERROR;
				CLANG_WARN_DOCUMENTATION_COMMENTS = YES;
				CLANG_WARN_EMPTY_BODY = YES;
				CLANG_WARN_ENUM_CONVERSION = YES;
				CLANG_WARN_INFINITE_RECURSION = YES;
				CLANG_WARN_INT_CONVERSION = YES;
				CLANG_WARN_NON_LITERAL_NULL_CONVERSION = YES;
				CLANG_WARN_OBJC_IMPLICIT_RETAIN_SELF = YES;
				CLANG_WARN_OBJC_LITERAL_CONVERSION = YES;
				CLANG_WARN_OBJC_ROOT_CLASS = YES_ERROR;
				CLANG_WARN_QUOTED_INCLUDE_IN_FRAMEWORK_HEADER = YES;
				CLANG_WARN_RANGE_LOOP_ANALYSIS = YES;
				CLANG_WARN_STRICT_PROTOTYPES = YES;
				CLANG_WARN_SUSPICIOUS_MOVE = YES;
				CLANG_WARN_UNGUARDED_AVAILABILITY = YES_AGGRESSIVE;
				CLANG_WARN_UNREACHABLE_CODE = YES;
				CLANG_WARN__DUPLICATE_METHOD_MATCH = YES;
				COPY_PHASE_STRIP = NO;
				DEBUG_INFORMATION_FORMAT = "dwarf-with-dsym";
				ENABLE_NS_ASSERTIONS = NO;
				ENABLE_STRICT_OBJC_MSGSEND = YES;
				GCC_C_LANGUAGE_STANDARD = gnu11;
				GCC_NO_COMMON_BLOCKS = YES;
				GCC_WARN_64_TO_32_BIT_CONVERSION = YES;
				GCC_WARN_ABOUT_RETURN_TYPE = YES_ERROR;
				GCC_WARN_UNDECLARED_SELECTOR = YES;
				GCC_WARN_UNINITIALIZED_AUTOS = YES_AGGRESSIVE;
				GCC_WARN_UNUSED_FUNCTION = YES;
				GCC_WARN_UNUSED_VARIABLE = YES;
				MACOSX_DEPLOYMENT_TARGET = 14.0;
				MTL_ENABLE_DEBUG_INFO = NO;
				MTL_FAST_MATH = YES;
				OTHER_LDFLAGS = "$(inherited) -ObjC";
				PRODUCT_NAME = "$(TARGET_NAME)";
				SDKROOT = macosx;
				SWIFT_COMPILATION_MODE = wholemodule;
				SWIFT_OPTIMIZATION_LEVEL = "-O";
				SWIFT_STRICT_CONCURRENCY = complete;
				SWIFT_VERSION = 6.0;
			};
			name = Release;
		};
		87BF815A0C3174ACF5B1F427 /* Release */ = {
			isa = XCBuildConfiguration;
			buildSettings = {
				ASSETCATALOG_COMPILER_APPICON_NAME = AppIcon;
				CODE_SIGN_STYLE = Automatic;
				COMBINE_HIDPI_IMAGES = YES;
				FRAMEWORK_SEARCH_PATHS = (
					"$(inherited)",
					"\"../../Vendor\"",
				);
				GENERATE_INFOPLIST_FILE = NO;
				INFOPLIST_FILE = WebRTCScreencast/Resources/Info.plist;
				LD_RUNPATH_SEARCH_PATHS = (
					"$(inherited)",
					"@executable_path/../Frameworks",
				);
				PRODUCT_BUNDLE_IDENTIFIER = cn.aweffr.WebRTCScreencast;
				PRODUCT_NAME = WebRTCScreencast;
				SDKROOT = macosx;
				SWIFT_OBJC_BRIDGING_HEADER = "WebRTCScreencast/Bridging/WebRTCScreencast-Bridging-Header.h";
			};
			name = Release;
		};
		8C83DAE7DB6B3DCE66190A36 /* Debug */ = {
			isa = XCBuildConfiguration;
			buildSettings = {
				ALWAYS_SEARCH_USER_PATHS = NO;
				CLANG_ANALYZER_NONNULL = YES;
				CLANG_ANALYZER_NUMBER_OBJECT_CONVERSION = YES_AGGRESSIVE;
				CLANG_CXX_LANGUAGE_STANDARD = "gnu++14";
				CLANG_CXX_LIBRARY = "libc++";
				CLANG_ENABLE_MODULES = YES;
				CLANG_ENABLE_OBJC_ARC = YES;
				CLANG_ENABLE_OBJC_WEAK = YES;
				CLANG_WARN_BLOCK_CAPTURE_AUTORELEASING = YES;
				CLANG_WARN_BOOL_CONVERSION = YES;
				CLANG_WARN_COMMA = YES;
				CLANG_WARN_CONSTANT_CONVERSION = YES;
				CLANG_WARN_DEPRECATED_OBJC_IMPLEMENTATIONS = YES;
				CLANG_WARN_DIRECT_OBJC_ISA_USAGE = YES_ERROR;
				CLANG_WARN_DOCUMENTATION_COMMENTS = YES;
				CLANG_WARN_EMPTY_BODY = YES;
				CLANG_WARN_ENUM_CONVERSION = YES;
				CLANG_WARN_INFINITE_RECURSION = YES;
				CLANG_WARN_INT_CONVERSION = YES;
				CLANG_WARN_NON_LITERAL_NULL_CONVERSION = YES;
				CLANG_WARN_OBJC_IMPLICIT_RETAIN_SELF = YES;
				CLANG_WARN_OBJC_LITERAL_CONVERSION = YES;
				CLANG_WARN_OBJC_ROOT_CLASS = YES_ERROR;
				CLANG_WARN_QUOTED_INCLUDE_IN_FRAMEWORK_HEADER = YES;
				CLANG_WARN_RANGE_LOOP_ANALYSIS = YES;
				CLANG_WARN_STRICT_PROTOTYPES = YES;
				CLANG_WARN_SUSPICIOUS_MOVE = YES;
				CLANG_WARN_UNGUARDED_AVAILABILITY = YES_AGGRESSIVE;
				CLANG_WARN_UNREACHABLE_CODE = YES;
				CLANG_WARN__DUPLICATE_METHOD_MATCH = YES;
				COPY_PHASE_STRIP = NO;
				DEBUG_INFORMATION_FORMAT = dwarf;
				ENABLE_STRICT_OBJC_MSGSEND = YES;
				ENABLE_TESTABILITY = YES;
				GCC_C_LANGUAGE_STANDARD = gnu11;
				GCC_DYNAMIC_NO_PIC = NO;
				GCC_NO_COMMON_BLOCKS = YES;
				GCC_OPTIMIZATION_LEVEL = 0;
				GCC_PREPROCESSOR_DEFINITIONS = (
					"$(inherited)",
					"DEBUG=1",
				);
				GCC_WARN_64_TO_32_BIT_CONVERSION = YES;
				GCC_WARN_ABOUT_RETURN_TYPE = YES_ERROR;
				GCC_WARN_UNDECLARED_SELECTOR = YES;
				GCC_WARN_UNINITIALIZED_AUTOS = YES_AGGRESSIVE;
				GCC_WARN_UNUSED_FUNCTION = YES;
				GCC_WARN_UNUSED_VARIABLE = YES;
				MACOSX_DEPLOYMENT_TARGET = 14.0;
				MTL_ENABLE_DEBUG_INFO = INCLUDE_SOURCE;
				MTL_FAST_MATH = YES;
				ONLY_ACTIVE_ARCH = YES;
				OTHER_LDFLAGS = "$(inherited) -ObjC";
				PRODUCT_NAME = "$(TARGET_NAME)";
				SDKROOT = macosx;
				SWIFT_ACTIVE_COMPILATION_CONDITIONS = DEBUG;
				SWIFT_OPTIMIZATION_LEVEL = "-Onone";
				SWIFT_STRICT_CONCURRENCY = complete;
				SWIFT_VERSION = 6.0;
			};
			name = Debug;
		};
		987AC7A8776FF8354E95A1C3 /* Debug */ = {
			isa = XCBuildConfiguration;
			buildSettings = {
				ASSETCATALOG_COMPILER_APPICON_NAME = AppIcon;
				CODE_SIGN_STYLE = Automatic;
				COMBINE_HIDPI_IMAGES = YES;
				FRAMEWORK_SEARCH_PATHS = (
					"$(inherited)",
					"\"../../Vendor\"",
				);
				GENERATE_INFOPLIST_FILE = NO;
				INFOPLIST_FILE = WebRTCScreencast/Resources/Info.plist;
				LD_RUNPATH_SEARCH_PATHS = (
					"$(inherited)",
					"@executable_path/../Frameworks",
				);
				PRODUCT_BUNDLE_IDENTIFIER = cn.aweffr.WebRTCScreencast;
				PRODUCT_NAME = WebRTCScreencast;
				SDKROOT = macosx;
				SWIFT_OBJC_BRIDGING_HEADER = "WebRTCScreencast/Bridging/WebRTCScreencast-Bridging-Header.h";
			};
			name = Debug;
		};
		B0C20208D623BA263E5F73DA /* Debug */ = {
			isa = XCBuildConfiguration;
			buildSettings = {
				BUNDLE_LOADER = "$(TEST_HOST)";
				COMBINE_HIDPI_IMAGES = YES;
				GENERATE_INFOPLIST_FILE = YES;
				LD_RUNPATH_SEARCH_PATHS = (
					"$(inherited)",
					"@executable_path/../Frameworks",
					"@loader_path/../Frameworks",
				);
				PRODUCT_BUNDLE_IDENTIFIER = cn.aweffr.WebRTCScreencastTests;
				SDKROOT = macosx;
				TEST_HOST = "$(BUILT_PRODUCTS_DIR)/WebRTCScreencast.app/Contents/MacOS/WebRTCScreencast";
			};
			name = Debug;
		};
		EF9120F881D39AA51DF40260 /* Release */ = {
			isa = XCBuildConfiguration;
			buildSettings = {
				BUNDLE_LOADER = "$(TEST_HOST)";
				COMBINE_HIDPI_IMAGES = YES;
				GENERATE_INFOPLIST_FILE = YES;
				LD_RUNPATH_SEARCH_PATHS = (
					"$(inherited)",
					"@executable_path/../Frameworks",
					"@loader_path/../Frameworks",
				);
				PRODUCT_BUNDLE_IDENTIFIER = cn.aweffr.WebRTCScreencastTests;
				SDKROOT = macosx;
				TEST_HOST = "$(BUILT_PRODUCTS_DIR)/WebRTCScreencast.app/Contents/MacOS/WebRTCScreencast";
			};
			name = Release;
		};
/* End XCBuildConfiguration section */

/* Begin XCConfigurationList section */
		96B6C870403F38EEFD5B2292 /* Build configuration list for PBXNativeTarget "WebRTCScreencastTests" */ = {
			isa = XCConfigurationList;
			buildConfigurations = (
				B0C20208D623BA263E5F73DA /* Debug */,
				EF9120F881D39AA51DF40260 /* Release */,
			);
			defaultConfigurationIsVisible = 0;
			defaultConfigurationName = Debug;
		};
		BAD23F11E99972BFAECBFA93 /* Build configuration list for PBXNativeTarget "WebRTCScreencast" */ = {
			isa = XCConfigurationList;
			buildConfigurations = (
				987AC7A8776FF8354E95A1C3 /* Debug */,
				87BF815A0C3174ACF5B1F427 /* Release */,
			);
			defaultConfigurationIsVisible = 0;
			defaultConfigurationName = Debug;
		};
		DA535AC622D0F81EE40D6918 /* Build configuration list for PBXProject "WebRTCScreencast" */ = {
			isa = XCConfigurationList;
			buildConfigurations = (
				8C83DAE7DB6B3DCE66190A36 /* Debug */,
				52CB86D036DE7BE4857C0714 /* Release */,
			);
			defaultConfigurationIsVisible = 0;
			defaultConfigurationName = Debug;
		};
/* End XCConfigurationList section */
	};
	rootObject = E4CBE85417D9BCE0068FB597 /* Project object */;
}
